
Microsoft Visual Studio Solution File, Format Version 12.00
# Visual Studio 14
VisualStudioVersion = 14.0.25420.1
MinimumVisualStudioVersion = 10.0.40219.1
Project("{FAE04EC0-301F-11D3-BF4B-00C04F79EFBC}") = "AppCar", "AppCar\AppCar\AppCar.csproj", "{A4FDECCD-D6F1-4D0F-90F2-876641CA81CB}"
EndProject
Project("{FAE04EC0-301F-11D3-BF4B-00C04F79EFBC}") = "AppCar.Droid", "AppCar\AppCar.Droid\AppCar.Droid.csproj", "{8211DF89-C087-4D55-B146-DC94755F96C0}"
EndProject
Project("{FAE04EC0-301F-11D3-BF4B-00C04F79EFBC}") = "AppCar.iOS", "AppCar\AppCar.iOS\AppCar.iOS.csproj", "{59664D36-67E0-4466-BD4D-DDF2A9D0DBA2}"
EndProject
Project("{FAE04EC0-301F-11D3-BF4B-00C04F79EFBC}") = "AppCar.WinPhone", "AppCar\AppCar.WinPhone\AppCar.WinPhone.csproj", "{05E50715-09DB-409C-96F2-8A33A9AFD3EB}"
EndProject
Project("{FAE04EC0-301F-11D3-BF4B-00C04F79EFBC}") = "AppCar.Windows", "AppCar\AppCar.Windows\AppCar.Windows.csproj", "{47D76173-B4B6-4F37-B7FB-BF757D232521}"
EndProject
Global
	GlobalSection(SolutionConfigurationPlatforms) = preSolution
		Ad-Hoc|Any CPU = Ad-Hoc|Any CPU
		Ad-Hoc|ARM = Ad-Hoc|ARM
		Ad-Hoc|iPhone = Ad-Hoc|iPhone
		Ad-Hoc|iPhoneSimulator = Ad-Hoc|iPhoneSimulator
		Ad-Hoc|x64 = Ad-Hoc|x64
		Ad-Hoc|x86 = Ad-Hoc|x86
		AppStore|Any CPU = AppStore|Any CPU
		AppStore|ARM = AppStore|ARM
		AppStore|iPhone = AppStore|iPhone
		AppStore|iPhoneSimulator = AppStore|iPhoneSimulator
		AppStore|x64 = AppStore|x64
		AppStore|x86 = AppStore|x86
		Debug|Any CPU = Debug|Any CPU
		Debug|ARM = Debug|ARM
		Debug|iPhone = Debug|iPhone
		Debug|iPhoneSimulator = Debug|iPhoneSimulator
		Debug|x64 = Debug|x64
		Debug|x86 = Debug|x86
		Release|Any CPU = Release|Any CPU
		Release|ARM = Release|ARM
		Release|iPhone = Release|iPhone
		Release|iPhoneSimulator = Release|iPhoneSimulator
		Release|x64 = Release|x64
		Release|x86 = Release|x86
	EndGlobalSection
	GlobalSection(ProjectConfigurationPlatforms) = postSolution
		{A4FDECCD-D6F1-4D0F-90F2-876641CA81CB}.Ad-Hoc|Any CPU.ActiveCfg = Release|Any CPU
		{A4FDECCD-D6F1-4D0F-90F2-876641CA81CB}.Ad-Hoc|Any CPU.Build.0 = Release|Any CPU
		{A4FDECCD-D6F1-4D0F-90F2-876641CA81CB}.Ad-Hoc|ARM.ActiveCfg = Release|Any CPU
		{A4FDECCD-D6F1-4D0F-90F2-876641CA81CB}.Ad-Hoc|ARM.Build.0 = Release|Any CPU
		{A4FDECCD-D6F1-4D0F-90F2-876641CA81CB}.Ad-Hoc|iPhone.ActiveCfg = Release|Any CPU
		{A4FDECCD-D6F1-4D0F-90F2-876641CA81CB}.Ad-Hoc|iPhone.Build.0 = Release|Any CPU
		{A4FDECCD-D6F1-4D0F-90F2-876641CA81CB}.Ad-Hoc|iPhoneSimulator.ActiveCfg = Release|Any CPU
		{A4FDECCD-D6F1-4D0F-90F2-876641CA81CB}.Ad-Hoc|iPhoneSimulator.Build.0 = Release|Any CPU
		{A4FDECCD-D6F1-4D0F-90F2-876641CA81CB}.Ad-Hoc|x64.ActiveCfg = Release|Any CPU
		{A4FDECCD-D6F1-4D0F-90F2-876641CA81CB}.Ad-Hoc|x64.Build.0 = Release|Any CPU
		{A4FDECCD-D6F1-4D0F-90F2-876641CA81CB}.Ad-Hoc|x86.ActiveCfg = Release|Any CPU
		{A4FDECCD-D6F1-4D0F-90F2-876641CA81CB}.Ad-Hoc|x86.Build.0 = Release|Any CPU
		{A4FDECCD-D6F1-4D0F-90F2-876641CA81CB}.AppStore|Any CPU.ActiveCfg = Release|Any CPU
		{A4FDECCD-D6F1-4D0F-90F2-876641CA81CB}.AppStore|Any CPU.Build.0 = Release|Any CPU
		{A4FDECCD-D6F1-4D0F-90F2-876641CA81CB}.AppStore|ARM.ActiveCfg = Release|Any CPU
		{A4FDECCD-D6F1-4D0F-90F2-876641CA81CB}.AppStore|ARM.Build.0 = Release|Any CPU
		{A4FDECCD-D6F1-4D0F-90F2-876641CA81CB}.AppStore|iPhone.ActiveCfg = Release|Any CPU
		{A4FDECCD-D6F1-4D0F-90F2-876641CA81CB}.AppStore|iPhone.Build.0 = Release|Any CPU
		{A4FDECCD-D6F1-4D0F-90F2-876641CA81CB}.AppStore|iPhoneSimulator.ActiveCfg = Release|Any CPU
		{A4FDECCD-D6F1-4D0F-90F2-876641CA81CB}.AppStore|iPhoneSimulator.Build.0 = Release|Any CPU
		{A4FDECCD-D6F1-4D0F-90F2-876641CA81CB}.AppStore|x64.ActiveCfg = Release|Any CPU
		{A4FDECCD-D6F1-4D0F-90F2-876641CA81CB}.AppStore|x64.Build.0 = Release|Any CPU
		{A4FDECCD-D6F1-4D0F-90F2-876641CA81CB}.AppStore|x86.ActiveCfg = Release|Any CPU
		{A4FDECCD-D6F1-4D0F-90F2-876641CA81CB}.AppStore|x86.Build.0 = Release|Any CPU
		{A4FDECCD-D6F1-4D0F-90F2-876641CA81CB}.Debug|Any CPU.ActiveCfg = Debug|Any CPU
		{A4FDECCD-D6F1-4D0F-90F2-876641CA81CB}.Debug|Any CPU.Build.0 = Debug|Any CPU
		{A4FDECCD-D6F1-4D0F-90F2-876641CA81CB}.Debug|ARM.ActiveCfg = Debug|Any CPU
		{A4FDECCD-D6F1-4D0F-90F2-876641CA81CB}.Debug|ARM.Build.0 = Debug|Any CPU
		{A4FDECCD-D6F1-4D0F-90F2-876641CA81CB}.Debug|iPhone.ActiveCfg = Debug|Any CPU
		{A4FDECCD-D6F1-4D0F-90F2-876641CA81CB}.Debug|iPhone.Build.0 = Debug|Any CPU
		{A4FDECCD-D6F1-4D0F-90F2-876641CA81CB}.Debug|iPhoneSimulator.ActiveCfg = Debug|Any CPU
		{A4FDECCD-D6F1-4D0F-90F2-876641CA81CB}.Debug|iPhoneSimulator.Build.0 = Debug|Any CPU
		{A4FDECCD-D6F1-4D0F-90F2-876641CA81CB}.Debug|x64.ActiveCfg = Debug|Any CPU
		{A4FDECCD-D6F1-4D0F-90F2-876641CA81CB}.Debug|x64.Build.0 = Debug|Any CPU
		{A4FDECCD-D6F1-4D0F-90F2-876641CA81CB}.Debug|x86.ActiveCfg = Debug|Any CPU
		{A4FDECCD-D6F1-4D0F-90F2-876641CA81CB}.Debug|x86.Build.0 = Debug|Any CPU
		{A4FDECCD-D6F1-4D0F-90F2-876641CA81CB}.Release|Any CPU.ActiveCfg = Release|Any CPU
		{A4FDECCD-D6F1-4D0F-90F2-876641CA81CB}.Release|Any CPU.Build.0 = Release|Any CPU
		{A4FDECCD-D6F1-4D0F-90F2-876641CA81CB}.Release|ARM.ActiveCfg = Release|Any CPU
		{A4FDECCD-D6F1-4D0F-90F2-876641CA81CB}.Release|ARM.Build.0 = Release|Any CPU
		{A4FDECCD-D6F1-4D0F-90F2-876641CA81CB}.Release|iPhone.ActiveCfg = Release|Any CPU
		{A4FDECCD-D6F1-4D0F-90F2-876641CA81CB}.Release|iPhone.Build.0 = Release|Any CPU
		{A4FDECCD-D6F1-4D0F-90F2-876641CA81CB}.Release|iPhoneSimulator.ActiveCfg = Release|Any CPU
		{A4FDECCD-D6F1-4D0F-90F2-876641CA81CB}.Release|iPhoneSimulator.Build.0 = Release|Any CPU
		{A4FDECCD-D6F1-4D0F-90F2-876641CA81CB}.Release|x64.ActiveCfg = Release|Any CPU
		{A4FDECCD-D6F1-4D0F-90F2-876641CA81CB}.Release|x64.Build.0 = Release|Any CPU
		{A4FDECCD-D6F1-4D0F-90F2-876641CA81CB}.Release|x86.ActiveCfg = Release|Any CPU
		{A4FDECCD-D6F1-4D0F-90F2-876641CA81CB}.Release|x86.Build.0 = Release|Any CPU
		{8211DF89-C087-4D55-B146-DC94755F96C0}.Ad-Hoc|Any CPU.ActiveCfg = Release|Any CPU
		{8211DF89-C087-4D55-B146-DC94755F96C0}.Ad-Hoc|Any CPU.Build.0 = Release|Any CPU
		{8211DF89-C087-4D55-B146-DC94755F96C0}.Ad-Hoc|Any CPU.Deploy.0 = Release|Any CPU
		{8211DF89-C087-4D55-B146-DC94755F96C0}.Ad-Hoc|ARM.ActiveCfg = Release|Any CPU
		{8211DF89-C087-4D55-B146-DC94755F96C0}.Ad-Hoc|ARM.Build.0 = Release|Any CPU
		{8211DF89-C087-4D55-B146-DC94755F96C0}.Ad-Hoc|ARM.Deploy.0 = Release|Any CPU
		{8211DF89-C087-4D55-B146-DC94755F96C0}.Ad-Hoc|iPhone.ActiveCfg = Release|Any CPU
		{8211DF89-C087-4D55-B146-DC94755F96C0}.Ad-Hoc|iPhone.Build.0 = Release|Any CPU
		{8211DF89-C087-4D55-B146-DC94755F96C0}.Ad-Hoc|iPhone.Deploy.0 = Release|Any CPU
		{8211DF89-C087-4D55-B146-DC94755F96C0}.Ad-Hoc|iPhoneSimulator.ActiveCfg = Release|Any CPU
		{8211DF89-C087-4D55-B146-DC94755F96C0}.Ad-Hoc|iPhoneSimulator.Build.0 = Release|Any CPU
		{8211DF89-C087-4D55-B146-DC94755F96C0}.Ad-Hoc|iPhoneSimulator.Deploy.0 = Release|Any CPU
		{8211DF89-C087-4D55-B146-DC94755F96C0}.Ad-Hoc|x64.ActiveCfg = Release|Any CPU
		{8211DF89-C087-4D55-B146-DC94755F96C0}.Ad-Hoc|x64.Build.0 = Release|Any CPU
		{8211DF89-C087-4D55-B146-DC94755F96C0}.Ad-Hoc|x64.Deploy.0 = Release|Any CPU
		{8211DF89-C087-4D55-B146-DC94755F96C0}.Ad-Hoc|x86.ActiveCfg = Release|Any CPU
		{8211DF89-C087-4D55-B146-DC94755F96C0}.Ad-Hoc|x86.Build.0 = Release|Any CPU
		{8211DF89-C087-4D55-B146-DC94755F96C0}.Ad-Hoc|x86.Deploy.0 = Release|Any CPU
		{8211DF89-C087-4D55-B146-DC94755F96C0}.AppStore|Any CPU.ActiveCfg = Release|Any CPU
		{8211DF89-C087-4D55-B146-DC94755F96C0}.AppStore|Any CPU.Build.0 = Release|Any CPU
		{8211DF89-C087-4D55-B146-DC94755F96C0}.AppStore|Any CPU.Deploy.0 = Release|Any CPU
		{8211DF89-C087-4D55-B146-DC94755F96C0}.AppStore|ARM.ActiveCfg = Release|Any CPU
		{8211DF89-C087-4D55-B146-DC94755F96C0}.AppStore|ARM.Build.0 = Release|Any CPU
		{8211DF89-C087-4D55-B146-DC94755F96C0}.AppStore|ARM.Deploy.0 = Release|Any CPU
		{8211DF89-C087-4D55-B146-DC94755F96C0}.AppStore|iPhone.ActiveCfg = Release|Any CPU
		{8211DF89-C087-4D55-B146-DC94755F96C0}.AppStore|iPhone.Build.0 = Release|Any CPU
		{8211DF89-C087-4D55-B146-DC94755F96C0}.AppStore|iPhone.Deploy.0 = Release|Any CPU
		{8211DF89-C087-4D55-B146-DC94755F96C0}.AppStore|iPhoneSimulator.ActiveCfg = Release|Any CPU
		{8211DF89-C087-4D55-B146-DC94755F96C0}.AppStore|iPhoneSimulator.Build.0 = Release|Any CPU
		{8211DF89-C087-4D55-B146-DC94755F96C0}.AppStore|iPhoneSimulator.Deploy.0 = Release|Any CPU
		{8211DF89-C087-4D55-B146-DC94755F96C0}.AppStore|x64.ActiveCfg = Release|Any CPU
		{8211DF89-C087-4D55-B146-DC94755F96C0}.AppStore|x64.Build.0 = Release|Any CPU
		{8211DF89-C087-4D55-B146-DC94755F96C0}.AppStore|x64.Deploy.0 = Release|Any CPU
		{8211DF89-C087-4D55-B146-DC94755F96C0}.AppStore|x86.ActiveCfg = Release|Any CPU
		{8211DF89-C087-4D55-B146-DC94755F96C0}.AppStore|x86.Build.0 = Release|Any CPU
		{8211DF89-C087-4D55-B146-DC94755F96C0}.AppStore|x86.Deploy.0 = Release|Any CPU
		{8211DF89-C087-4D55-B146-DC94755F96C0}.Debug|Any CPU.ActiveCfg = Debug|Any CPU
		{8211DF89-C087-4D55-B146-DC94755F96C0}.Debug|Any CPU.Build.0 = Debug|Any CPU
		{8211DF89-C087-4D55-B146-DC94755F96C0}.Debug|Any CPU.Deploy.0 = Debug|Any CPU
		{8211DF89-C087-4D55-B146-DC94755F96C0}.Debug|ARM.ActiveCfg = Debug|Any CPU
		{8211DF89-C087-4D55-B146-DC94755F96C0}.Debug|ARM.Build.0 = Debug|Any CPU
		{8211DF89-C087-4D55-B146-DC94755F96C0}.Debug|ARM.Deploy.0 = Debug|Any CPU
		{8211DF89-C087-4D55-B146-DC94755F96C0}.Debug|iPhone.ActiveCfg = Debug|Any CPU
		{8211DF89-C087-4D55-B146-DC94755F96C0}.Debug|iPhone.Build.0 = Debug|Any CPU
		{8211DF89-C087-4D55-B146-DC94755F96C0}.Debug|iPhone.Deploy.0 = Debug|Any CPU
		{8211DF89-C087-4D55-B146-DC94755F96C0}.Debug|iPhoneSimulator.ActiveCfg = Debug|Any CPU
		{8211DF89-C087-4D55-B146-DC94755F96C0}.Debug|iPhoneSimulator.Build.0 = Debug|Any CPU
		{8211DF89-C087-4D55-B146-DC94755F96C0}.Debug|iPhoneSimulator.Deploy.0 = Debug|Any CPU
		{8211DF89-C087-4D55-B146-DC94755F96C0}.Debug|x64.ActiveCfg = Debug|Any CPU
		{8211DF89-C087-4D55-B146-DC94755F96C0}.Debug|x64.Build.0 = Debug|Any CPU
		{8211DF89-C087-4D55-B146-DC94755F96C0}.Debug|x64.Deploy.0 = Debug|Any CPU
		{8211DF89-C087-4D55-B146-DC94755F96C0}.Debug|x86.ActiveCfg = Debug|Any CPU
		{8211DF89-C087-4D55-B146-DC94755F96C0}.Debug|x86.Build.0 = Debug|Any CPU
		{8211DF89-C087-4D55-B146-DC94755F96C0}.Debug|x86.Deploy.0 = Debug|Any CPU
		{8211DF89-C087-4D55-B146-DC94755F96C0}.Release|Any CPU.ActiveCfg = Release|Any CPU
		{8211DF89-C087-4D55-B146-DC94755F96C0}.Release|Any CPU.Build.0 = Release|Any CPU
		{8211DF89-C087-4D55-B146-DC94755F96C0}.Release|Any CPU.Deploy.0 = Release|Any CPU
		{8211DF89-C087-4D55-B146-DC94755F96C0}.Release|ARM.ActiveCfg = Release|Any CPU
		{8211DF89-C087-4D55-B146-DC94755F96C0}.Release|ARM.Build.0 = Release|Any CPU
		{8211DF89-C087-4D55-B146-DC94755F96C0}.Release|ARM.Deploy.0 = Release|Any CPU
		{8211DF89-C087-4D55-B146-DC94755F96C0}.Release|iPhone.ActiveCfg = Release|Any CPU
		{8211DF89-C087-4D55-B146-DC94755F96C0}.Release|iPhone.Build.0 = Release|Any CPU
		{8211DF89-C087-4D55-B146-DC94755F96C0}.Release|iPhone.Deploy.0 = Release|Any CPU
		{8211DF89-C087-4D55-B146-DC94755F96C0}.Release|iPhoneSimulator.ActiveCfg = Release|Any CPU
		{8211DF89-C087-4D55-B146-DC94755F96C0}.Release|iPhoneSimulator.Build.0 = Release|Any CPU
		{8211DF89-C087-4D55-B146-DC94755F96C0}.Release|iPhoneSimulator.Deploy.0 = Release|Any CPU
		{8211DF89-C087-4D55-B146-DC94755F96C0}.Release|x64.ActiveCfg = Release|Any CPU
		{8211DF89-C087-4D55-B146-DC94755F96C0}.Release|x64.Build.0 = Release|Any CPU
		{8211DF89-C087-4D55-B146-DC94755F96C0}.Release|x64.Deploy.0 = Release|Any CPU
		{8211DF89-C087-4D55-B146-DC94755F96C0}.Release|x86.ActiveCfg = Release|Any CPU
		{8211DF89-C087-4D55-B146-DC94755F96C0}.Release|x86.Build.0 = Release|Any CPU
		{8211DF89-C087-4D55-B146-DC94755F96C0}.Release|x86.Deploy.0 = Release|Any CPU
		{59664D36-67E0-4466-BD4D-DDF2A9D0DBA2}.Ad-Hoc|Any CPU.ActiveCfg = Ad-Hoc|iPhone
		{59664D36-67E0-4466-BD4D-DDF2A9D0DBA2}.Ad-Hoc|ARM.ActiveCfg = Ad-Hoc|iPhone
		{59664D36-67E0-4466-BD4D-DDF2A9D0DBA2}.Ad-Hoc|iPhone.ActiveCfg = Ad-Hoc|iPhone
		{59664D36-67E0-4466-BD4D-DDF2A9D0DBA2}.Ad-Hoc|iPhone.Build.0 = Ad-Hoc|iPhone
		{59664D36-67E0-4466-BD4D-DDF2A9D0DBA2}.Ad-Hoc|iPhoneSimulator.ActiveCfg = Ad-Hoc|iPhoneSimulator
		{59664D36-67E0-4466-BD4D-DDF2A9D0DBA2}.Ad-Hoc|iPhoneSimulator.Build.0 = Ad-Hoc|iPhoneSimulator
		{59664D36-67E0-4466-BD4D-DDF2A9D0DBA2}.Ad-Hoc|x64.ActiveCfg = Ad-Hoc|iPhone
		{59664D36-67E0-4466-BD4D-DDF2A9D0DBA2}.Ad-Hoc|x86.ActiveCfg = Ad-Hoc|iPhone
		{59664D36-67E0-4466-BD4D-DDF2A9D0DBA2}.AppStore|Any CPU.ActiveCfg = AppStore|iPhone
		{59664D36-67E0-4466-BD4D-DDF2A9D0DBA2}.AppStore|ARM.ActiveCfg = AppStore|iPhone
		{59664D36-67E0-4466-BD4D-DDF2A9D0DBA2}.AppStore|iPhone.ActiveCfg = AppStore|iPhone
		{59664D36-67E0-4466-BD4D-DDF2A9D0DBA2}.AppStore|iPhone.Build.0 = AppStore|iPhone
		{59664D36-67E0-4466-BD4D-DDF2A9D0DBA2}.AppStore|iPhoneSimulator.ActiveCfg = AppStore|iPhoneSimulator
		{59664D36-67E0-4466-BD4D-DDF2A9D0DBA2}.AppStore|iPhoneSimulator.Build.0 = AppStore|iPhoneSimulator
		{59664D36-67E0-4466-BD4D-DDF2A9D0DBA2}.AppStore|x64.ActiveCfg = AppStore|iPhone
		{59664D36-67E0-4466-BD4D-DDF2A9D0DBA2}.AppStore|x86.ActiveCfg = AppStore|iPhone
		{59664D36-67E0-4466-BD4D-DDF2A9D0DBA2}.Debug|Any CPU.ActiveCfg = Debug|iPhone
		{59664D36-67E0-4466-BD4D-DDF2A9D0DBA2}.Debug|ARM.ActiveCfg = Debug|iPhone
		{59664D36-67E0-4466-BD4D-DDF2A9D0DBA2}.Debug|iPhone.ActiveCfg = Debug|iPhone
		{59664D36-67E0-4466-BD4D-DDF2A9D0DBA2}.Debug|iPhoneSimulator.ActiveCfg = Debug|iPhoneSimulator
		{59664D36-67E0-4466-BD4D-DDF2A9D0DBA2}.Debug|iPhoneSimulator.Build.0 = Debug|iPhoneSimulator
		{59664D36-67E0-4466-BD4D-DDF2A9D0DBA2}.Debug|x64.ActiveCfg = Debug|iPhone
		{59664D36-67E0-4466-BD4D-DDF2A9D0DBA2}.Debug|x86.ActiveCfg = Debug|iPhone
		{59664D36-67E0-4466-BD4D-DDF2A9D0DBA2}.Release|Any CPU.ActiveCfg = Release|iPhone
		{59664D36-67E0-4466-BD4D-DDF2A9D0DBA2}.Release|ARM.ActiveCfg = Release|iPhone
		{59664D36-67E0-4466-BD4D-DDF2A9D0DBA2}.Release|iPhone.ActiveCfg = Release|iPhone
		{59664D36-67E0-4466-BD4D-DDF2A9D0DBA2}.Release|iPhone.Build.0 = Release|iPhone
		{59664D36-67E0-4466-BD4D-DDF2A9D0DBA2}.Release|iPhoneSimulator.ActiveCfg = Release|iPhoneSimulator
		{59664D36-67E0-4466-BD4D-DDF2A9D0DBA2}.Release|iPhoneSimulator.Build.0 = Release|iPhoneSimulator
		{59664D36-67E0-4466-BD4D-DDF2A9D0DBA2}.Release|x64.ActiveCfg = Release|iPhone
		{59664D36-67E0-4466-BD4D-DDF2A9D0DBA2}.Release|x86.ActiveCfg = Release|iPhone
		{05E50715-09DB-409C-96F2-8A33A9AFD3EB}.Ad-Hoc|Any CPU.ActiveCfg = Release|Any CPU
		{05E50715-09DB-409C-96F2-8A33A9AFD3EB}.Ad-Hoc|Any CPU.Build.0 = Release|Any CPU
		{05E50715-09DB-409C-96F2-8A33A9AFD3EB}.Ad-Hoc|Any CPU.Deploy.0 = Release|Any CPU
		{05E50715-09DB-409C-96F2-8A33A9AFD3EB}.Ad-Hoc|ARM.ActiveCfg = Release|ARM
		{05E50715-09DB-409C-96F2-8A33A9AFD3EB}.Ad-Hoc|ARM.Build.0 = Release|ARM
		{05E50715-09DB-409C-96F2-8A33A9AFD3EB}.Ad-Hoc|ARM.Deploy.0 = Release|ARM
		{05E50715-09DB-409C-96F2-8A33A9AFD3EB}.Ad-Hoc|iPhone.ActiveCfg = Release|Any CPU
		{05E50715-09DB-409C-96F2-8A33A9AFD3EB}.Ad-Hoc|iPhone.Build.0 = Release|Any CPU
		{05E50715-09DB-409C-96F2-8A33A9AFD3EB}.Ad-Hoc|iPhone.Deploy.0 = Release|Any CPU
		{05E50715-09DB-409C-96F2-8A33A9AFD3EB}.Ad-Hoc|iPhoneSimulator.ActiveCfg = Release|Any CPU
		{05E50715-09DB-409C-96F2-8A33A9AFD3EB}.Ad-Hoc|iPhoneSimulator.Build.0 = Release|Any CPU
		{05E50715-09DB-409C-96F2-8A33A9AFD3EB}.Ad-Hoc|iPhoneSimulator.Deploy.0 = Release|Any CPU
		{05E50715-09DB-409C-96F2-8A33A9AFD3EB}.Ad-Hoc|x64.ActiveCfg = Release|Any CPU
		{05E50715-09DB-409C-96F2-8A33A9AFD3EB}.Ad-Hoc|x64.Build.0 = Release|Any CPU
		{05E50715-09DB-409C-96F2-8A33A9AFD3EB}.Ad-Hoc|x64.Deploy.0 = Release|Any CPU
		{05E50715-09DB-409C-96F2-8A33A9AFD3EB}.Ad-Hoc|x86.ActiveCfg = Release|x86
		{05E50715-09DB-409C-96F2-8A33A9AFD3EB}.Ad-Hoc|x86.Build.0 = Release|x86
		{05E50715-09DB-409C-96F2-8A33A9AFD3EB}.Ad-Hoc|x86.Deploy.0 = Release|x86
		{05E50715-09DB-409C-96F2-8A33A9AFD3EB}.AppStore|Any CPU.ActiveCfg = Release|Any CPU
		{05E50715-09DB-409C-96F2-8A33A9AFD3EB}.AppStore|Any CPU.Build.0 = Release|Any CPU
		{05E50715-09DB-409C-96F2-8A33A9AFD3EB}.AppStore|Any CPU.Deploy.0 = Release|Any CPU
		{05E50715-09DB-409C-96F2-8A33A9AFD3EB}.AppStore|ARM.ActiveCfg = Release|ARM
		{05E50715-09DB-409C-96F2-8A33A9AFD3EB}.AppStore|ARM.Build.0 = Release|ARM
		{05E50715-09DB-409C-96F2-8A33A9AFD3EB}.AppStore|ARM.Deploy.0 = Release|ARM
		{05E50715-09DB-409C-96F2-8A33A9AFD3EB}.AppStore|iPhone.ActiveCfg = Release|Any CPU
		{05E50715-09DB-409C-96F2-8A33A9AFD3EB}.AppStore|iPhone.Build.0 = Release|Any CPU
		{05E50715-09DB-409C-96F2-8A33A9AFD3EB}.AppStore|iPhone.Deploy.0 = Release|Any CPU
		{05E50715-09DB-409C-96F2-8A33A9AFD3EB}.AppStore|iPhoneSimulator.ActiveCfg = Release|Any CPU
		{05E50715-09DB-409C-96F2-8A33A9AFD3EB}.AppStore|iPhoneSimulator.Build.0 = Release|Any CPU
		{05E50715-09DB-409C-96F2-8A33A9AFD3EB}.AppStore|iPhoneSimulator.Deploy.0 = Release|Any CPU
		{05E50715-09DB-409C-96F2-8A33A9AFD3EB}.AppStore|x64.ActiveCfg = Release|Any CPU
		{05E50715-09DB-409C-96F2-8A33A9AFD3EB}.AppStore|x64.Build.0 = Release|Any CPU
		{05E50715-09DB-409C-96F2-8A33A9AFD3EB}.AppStore|x64.Deploy.0 = Release|Any CPU
		{05E50715-09DB-409C-96F2-8A33A9AFD3EB}.AppStore|x86.ActiveCfg = Release|x86
		{05E50715-09DB-409C-96F2-8A33A9AFD3EB}.AppStore|x86.Build.0 = Release|x86
		{05E50715-09DB-409C-96F2-8A33A9AFD3EB}.AppStore|x86.Deploy.0 = Release|x86
		{05E50715-09DB-409C-96F2-8A33A9AFD3EB}.Debug|Any CPU.ActiveCfg = Debug|Any CPU
		{05E50715-09DB-409C-96F2-8A33A9AFD3EB}.Debug|ARM.ActiveCfg = Debug|ARM
		{05E50715-09DB-409C-96F2-8A33A9AFD3EB}.Debug|ARM.Build.0 = Debug|ARM
		{05E50715-09DB-409C-96F2-8A33A9AFD3EB}.Debug|ARM.Deploy.0 = Debug|ARM
		{05E50715-09DB-409C-96F2-8A33A9AFD3EB}.Debug|iPhone.ActiveCfg = Debug|Any CPU
		{05E50715-09DB-409C-96F2-8A33A9AFD3EB}.Debug|iPhoneSimulator.ActiveCfg = Debug|Any CPU
		{05E50715-09DB-409C-96F2-8A33A9AFD3EB}.Debug|iPhoneSimulator.Build.0 = Debug|Any CPU
		{05E50715-09DB-409C-96F2-8A33A9AFD3EB}.Debug|iPhoneSimulator.Deploy.0 = Debug|Any CPU
		{05E50715-09DB-409C-96F2-8A33A9AFD3EB}.Debug|x64.ActiveCfg = Debug|Any CPU
		{05E50715-09DB-409C-96F2-8A33A9AFD3EB}.Debug|x64.Build.0 = Debug|Any CPU
		{05E50715-09DB-409C-96F2-8A33A9AFD3EB}.Debug|x64.Deploy.0 = Debug|Any CPU
		{05E50715-09DB-409C-96F2-8A33A9AFD3EB}.Debug|x86.ActiveCfg = Debug|x86
		{05E50715-09DB-409C-96F2-8A33A9AFD3EB}.Debug|x86.Build.0 = Debug|x86
		{05E50715-09DB-409C-96F2-8A33A9AFD3EB}.Debug|x86.Deploy.0 = Debug|x86
		{05E50715-09DB-409C-96F2-8A33A9AFD3EB}.Release|Any CPU.ActiveCfg = Release|Any CPU
		{05E50715-09DB-409C-96F2-8A33A9AFD3EB}.Release|Any CPU.Build.0 = Release|Any CPU
		{05E50715-09DB-409C-96F2-8A33A9AFD3EB}.Release|Any CPU.Deploy.0 = Release|Any CPU
		{05E50715-09DB-409C-96F2-8A33A9AFD3EB}.Release|ARM.ActiveCfg = Release|ARM
		{05E50715-09DB-409C-96F2-8A33A9AFD3EB}.Release|ARM.Build.0 = Release|ARM
		{05E50715-09DB-409C-96F2-8A33A9AFD3EB}.Release|ARM.Deploy.0 = Release|ARM
		{05E50715-09DB-409C-96F2-8A33A9AFD3EB}.Release|iPhone.ActiveCfg = Release|Any CPU
		{05E50715-09DB-409C-96F2-8A33A9AFD3EB}.Release|iPhone.Build.0 = Release|Any CPU
		{05E50715-09DB-409C-96F2-8A33A9AFD3EB}.Release|iPhone.Deploy.0 = Release|Any CPU
		{05E50715-09DB-409C-96F2-8A33A9AFD3EB}.Release|iPhoneSimulator.ActiveCfg = Release|Any CPU
		{05E50715-09DB-409C-96F2-8A33A9AFD3EB}.Release|iPhoneSimulator.Build.0 = Release|Any CPU
		{05E50715-09DB-409C-96F2-8A33A9AFD3EB}.Release|iPhoneSimulator.Deploy.0 = Release|Any CPU
		{05E50715-09DB-409C-96F2-8A33A9AFD3EB}.Release|x64.ActiveCfg = Release|Any CPU
		{05E50715-09DB-409C-96F2-8A33A9AFD3EB}.Release|x64.Build.0 = Release|Any CPU
		{05E50715-09DB-409C-96F2-8A33A9AFD3EB}.Release|x64.Deploy.0 = Release|Any CPU
		{05E50715-09DB-409C-96F2-8A33A9AFD3EB}.Release|x86.ActiveCfg = Release|x86
		{05E50715-09DB-409C-96F2-8A33A9AFD3EB}.Release|x86.Build.0 = Release|x86
		{05E50715-09DB-409C-96F2-8A33A9AFD3EB}.Release|x86.Deploy.0 = Release|x86
		{47D76173-B4B6-4F37-B7FB-BF757D232521}.Ad-Hoc|Any CPU.ActiveCfg = Release|Any CPU
		{47D76173-B4B6-4F37-B7FB-BF757D232521}.Ad-Hoc|Any CPU.Build.0 = Release|Any CPU
		{47D76173-B4B6-4F37-B7FB-BF757D232521}.Ad-Hoc|Any CPU.Deploy.0 = Release|Any CPU
		{47D76173-B4B6-4F37-B7FB-BF757D232521}.Ad-Hoc|ARM.ActiveCfg = Release|ARM
		{47D76173-B4B6-4F37-B7FB-BF757D232521}.Ad-Hoc|ARM.Build.0 = Release|ARM
		{47D76173-B4B6-4F37-B7FB-BF757D232521}.Ad-Hoc|ARM.Deploy.0 = Release|ARM
		{47D76173-B4B6-4F37-B7FB-BF757D232521}.Ad-Hoc|iPhone.ActiveCfg = Release|Any CPU
		{47D76173-B4B6-4F37-B7FB-BF757D232521}.Ad-Hoc|iPhone.Build.0 = Release|Any CPU
		{47D76173-B4B6-4F37-B7FB-BF757D232521}.Ad-Hoc|iPhone.Deploy.0 = Release|Any CPU
		{47D76173-B4B6-4F37-B7FB-BF757D232521}.Ad-Hoc|iPhoneSimulator.ActiveCfg = Release|Any CPU
		{47D76173-B4B6-4F37-B7FB-BF757D232521}.Ad-Hoc|iPhoneSimulator.Build.0 = Release|Any CPU
		{47D76173-B4B6-4F37-B7FB-BF757D232521}.Ad-Hoc|iPhoneSimulator.Deploy.0 = Release|Any CPU
		{47D76173-B4B6-4F37-B7FB-BF757D232521}.Ad-Hoc|x64.ActiveCfg = Release|x64
		{47D76173-B4B6-4F37-B7FB-BF757D232521}.Ad-Hoc|x64.Build.0 = Release|x64
		{47D76173-B4B6-4F37-B7FB-BF757D232521}.Ad-Hoc|x64.Deploy.0 = Release|x64
		{47D76173-B4B6-4F37-B7FB-BF757D232521}.Ad-Hoc|x86.ActiveCfg = Release|x86
		{47D76173-B4B6-4F37-B7FB-BF757D232521}.Ad-Hoc|x86.Build.0 = Release|x86
		{47D76173-B4B6-4F37-B7FB-BF757D232521}.Ad-Hoc|x86.Deploy.0 = Release|x86
		{47D76173-B4B6-4F37-B7FB-BF757D232521}.AppStore|Any CPU.ActiveCfg = Release|Any CPU
		{47D76173-B4B6-4F37-B7FB-BF757D232521}.AppStore|Any CPU.Build.0 = Release|Any CPU
		{47D76173-B4B6-4F37-B7FB-BF757D232521}.AppStore|Any CPU.Deploy.0 = Release|Any CPU
		{47D76173-B4B6-4F37-B7FB-BF757D232521}.AppStore|ARM.ActiveCfg = Release|ARM
		{47D76173-B4B6-4F37-B7FB-BF757D232521}.AppStore|ARM.Build.0 = Release|ARM
		{47D76173-B4B6-4F37-B7FB-BF757D232521}.AppStore|ARM.Deploy.0 = Release|ARM
		{47D76173-B4B6-4F37-B7FB-BF757D232521}.AppStore|iPhone.ActiveCfg = Release|Any CPU
		{47D76173-B4B6-4F37-B7FB-BF757D232521}.AppStore|iPhone.Build.0 = Release|Any CPU
		{47D76173-B4B6-4F37-B7FB-BF757D232521}.AppStore|iPhone.Deploy.0 = Release|Any CPU
		{47D76173-B4B6-4F37-B7FB-BF757D232521}.AppStore|iPhoneSimulator.ActiveCfg = Release|Any CPU
		{47D76173-B4B6-4F37-B7FB-BF757D232521}.AppStore|iPhoneSimulator.Build.0 = Release|Any CPU
		{47D76173-B4B6-4F37-B7FB-BF757D232521}.AppStore|iPhoneSimulator.Deploy.0 = Release|Any CPU
		{47D76173-B4B6-4F37-B7FB-BF757D232521}.AppStore|x64.ActiveCfg = Release|x64
		{47D76173-B4B6-4F37-B7FB-BF757D232521}.AppStore|x64.Build.0 = Release|x64
		{47D76173-B4B6-4F37-B7FB-BF757D232521}.AppStore|x64.Deploy.0 = Release|x64
		{47D76173-B4B6-4F37-B7FB-BF757D232521}.AppStore|x86.ActiveCfg = Release|x86
		{47D76173-B4B6-4F37-B7FB-BF757D232521}.AppStore|x86.Build.0 = Release|x86
		{47D76173-B4B6-4F37-B7FB-BF757D232521}.AppStore|x86.Deploy.0 = Release|x86
		{47D76173-B4B6-4F37-B7FB-BF757D232521}.Debug|Any CPU.ActiveCfg = Debug|Any CPU
		{47D76173-B4B6-4F37-B7FB-BF757D232521}.Debug|ARM.ActiveCfg = Debug|ARM
		{47D76173-B4B6-4F37-B7FB-BF757D232521}.Debug|ARM.Build.0 = Debug|ARM
		{47D76173-B4B6-4F37-B7FB-BF757D232521}.Debug|ARM.Deploy.0 = Debug|ARM
		{47D76173-B4B6-4F37-B7FB-BF757D232521}.Debug|iPhone.ActiveCfg = Debug|Any CPU
		{47D76173-B4B6-4F37-B7FB-BF757D232521}.Debug|iPhoneSimulator.ActiveCfg = Debug|Any CPU
		{47D76173-B4B6-4F37-B7FB-BF757D232521}.Debug|iPhoneSimulator.Build.0 = Debug|Any CPU
		{47D76173-B4B6-4F37-B7FB-BF757D232521}.Debug|iPhoneSimulator.Deploy.0 = Debug|Any CPU
		{47D76173-B4B6-4F37-B7FB-BF757D232521}.Debug|x64.ActiveCfg = Debug|x64
		{47D76173-B4B6-4F37-B7FB-BF757D232521}.Debug|x64.Build.0 = Debug|x64
		{47D76173-B4B6-4F37-B7FB-BF757D232521}.Debug|x64.Deploy.0 = Debug|x64
		{47D76173-B4B6-4F37-B7FB-BF757D232521}.Debug|x86.ActiveCfg = Debug|x86
		{47D76173-B4B6-4F37-B7FB-BF757D232521}.Debug|x86.Build.0 = Debug|x86
		{47D76173-B4B6-4F37-B7FB-BF757D232521}.Debug|x86.Deploy.0 = Debug|x86
		{47D76173-B4B6-4F37-B7FB-BF757D232521}.Release|Any CPU.ActiveCfg = Release|Any CPU
		{47D76173-B4B6-4F37-B7FB-BF757D232521}.Release|Any CPU.Build.0 = Release|Any CPU
		{47D76173-B4B6-4F37-B7FB-BF757D232521}.Release|Any CPU.Deploy.0 = Release|Any CPU
		{47D76173-B4B6-4F37-B7FB-BF757D232521}.Release|ARM.ActiveCfg = Release|ARM
		{47D76173-B4B6-4F37-B7FB-BF757D232521}.Release|ARM.Build.0 = Release|ARM
		{47D76173-B4B6-4F37-B7FB-BF757D232521}.Release|ARM.Deploy.0 = Release|ARM
		{47D76173-B4B6-4F37-B7FB-BF757D232521}.Release|iPhone.ActiveCfg = Release|Any CPU
		{47D76173-B4B6-4F37-B7FB-BF757D232521}.Release|iPhone.Build.0 = Release|Any CPU
		{47D76173-B4B6-4F37-B7FB-BF757D232521}.Release|iPhone.Deploy.0 = Release|Any CPU
		{47D76173-B4B6-4F37-B7FB-BF757D232521}.Release|iPhoneSimulator.ActiveCfg = Release|Any CPU
		{47D76173-B4B6-4F37-B7FB-BF757D232521}.Release|iPhoneSimulator.Build.0 = Release|Any CPU
		{47D76173-B4B6-4F37-B7FB-BF757D232521}.Release|iPhoneSimulator.Deploy.0 = Release|Any CPU
		{47D76173-B4B6-4F37-B7FB-BF757D232521}.Release|x64.ActiveCfg = Release|x64
		{47D76173-B4B6-4F37-B7FB-BF757D232521}.Release|x64.Build.0 = Release|x64
		{47D76173-B4B6-4F37-B7FB-BF757D232521}.Release|x64.Deploy.0 = Release|x64
		{47D76173-B4B6-4F37-B7FB-BF757D232521}.Release|x86.ActiveCfg = Release|x86
		{47D76173-B4B6-4F37-B7FB-BF757D232521}.Release|x86.Build.0 = Release|x86
		{47D76173-B4B6-4F37-B7FB-BF757D232521}.Release|x86.Deploy.0 = Release|x86
	EndGlobalSection
	GlobalSection(SolutionProperties) = preSolution
		HideSolutionNode = FALSE
	EndGlobalSection
EndGlobal
